
Microsoft Visual Studio Solution File, Format Version 12.00
Project("{FAE04EC0-301F-11D3-BF4B-00C04F79EFBC}") = "Dse.Runtime", "src\Dse.Runtime\Dse.Runtime.csproj", "{54651132-5A21-40E7-90B0-BD8977E258C7}"
EndProject
Project("{2150E333-8FDC-42A3-9474-1A3956D46DE8}") = "Core", "Core", "{1EA6DD40-A7E4-43D2-B9E9-C096B987C792}"
EndProject
Project("{2150E333-8FDC-42A3-9474-1A3956D46DE8}") = "Sources", "Sources", "{2A250908-DF9F-4B37-825F-ED631485C282}"
EndProject
Project("{FAE04EC0-301F-11D3-BF4B-00C04F79EFBC}") = "Dse.Sources.Confluence", "src\Dse.Sources.Confluence\Dse.Sources.Confluence.csproj", "{9A504E5C-8E3D-4506-B44D-FD34028FFAF9}"
EndProject
Project("{2150E333-8FDC-42A3-9474-1A3956D46DE8}") = "Runtimes", "Runtimes", "{8369D0B2-6D71-4E93-A90E-FDA68389FA2B}"
EndProject
Project("{2150E333-8FDC-42A3-9474-1A3956D46DE8}") = "Tests", "Tests", "{B0A03C28-4C66-457F-A24D-8B08E7CF6C9B}"
EndProject
Project("{FAE04EC0-301F-11D3-BF4B-00C04F79EFBC}") = "Dse.Tests", "src\Dse.Tests\Dse.Tests.csproj", "{2A1273DD-7B4F-4768-A4F1-8A70DF345A8F}"
EndProject
Project("{FAE04EC0-301F-11D3-BF4B-00C04F79EFBC}") = "Dse.Core", "src\Dse.Core\Dse.Core.csproj", "{CC615DD1-68A5-4FF8-BD8D-B705EE40D898}"
EndProject
Project("{2150E333-8FDC-42A3-9474-1A3956D46DE8}") = "Tools", "Tools", "{1C51A0B7-7E0B-4FF0-9F28-A6951AC0AF94}"
EndProject
Project("{FAE04EC0-301F-11D3-BF4B-00C04F79EFBC}") = "Dse.Confluence.Seeder", "tools\Dse.Confluence.Seeder\Dse.Confluence.Seeder.csproj", "{E152A297-DE91-4731-AB0A-627892C8147B}"
EndProject
Project("{FAE04EC0-301F-11D3-BF4B-00C04F79EFBC}") = "Dse.Sources.Spec", "src\Dse.Sources.Spec\Dse.Sources.Spec.csproj", "{A7B13F75-0151-4505-85C5-3C4EFDAFD7DB}"
EndProject
Global
	GlobalSection(SolutionConfigurationPlatforms) = preSolution
		Debug|Any CPU = Debug|Any CPU
		Release|Any CPU = Release|Any CPU
	EndGlobalSection
	GlobalSection(ProjectConfigurationPlatforms) = postSolution
		{54651132-5A21-40E7-90B0-BD8977E258C7}.Debug|Any CPU.ActiveCfg = Debug|Any CPU
		{54651132-5A21-40E7-90B0-BD8977E258C7}.Debug|Any CPU.Build.0 = Debug|Any CPU
		{54651132-5A21-40E7-90B0-BD8977E258C7}.Release|Any CPU.ActiveCfg = Release|Any CPU
		{54651132-5A21-40E7-90B0-BD8977E258C7}.Release|Any CPU.Build.0 = Release|Any CPU
		{9A504E5C-8E3D-4506-B44D-FD34028FFAF9}.Debug|Any CPU.ActiveCfg = Debug|Any CPU
		{9A504E5C-8E3D-4506-B44D-FD34028FFAF9}.Debug|Any CPU.Build.0 = Debug|Any CPU
		{9A504E5C-8E3D-4506-B44D-FD34028FFAF9}.Release|Any CPU.ActiveCfg = Release|Any CPU
		{9A504E5C-8E3D-4506-B44D-FD34028FFAF9}.Release|Any CPU.Build.0 = Release|Any CPU
		{2A1273DD-7B4F-4768-A4F1-8A70DF345A8F}.Debug|Any CPU.ActiveCfg = Debug|Any CPU
		{2A1273DD-7B4F-4768-A4F1-8A70DF345A8F}.Debug|Any CPU.Build.0 = Debug|Any CPU
		{2A1273DD-7B4F-4768-A4F1-8A70DF345A8F}.Release|Any CPU.ActiveCfg = Release|Any CPU
		{2A1273DD-7B4F-4768-A4F1-8A70DF345A8F}.Release|Any CPU.Build.0 = Release|Any CPU
		{CC615DD1-68A5-4FF8-BD8D-B705EE40D898}.Debug|Any CPU.ActiveCfg = Debug|Any CPU
		{CC615DD1-68A5-4FF8-BD8D-B705EE40D898}.Debug|Any CPU.Build.0 = Debug|Any CPU
		{CC615DD1-68A5-4FF8-BD8D-B705EE40D898}.Release|Any CPU.ActiveCfg = Release|Any CPU
		{CC615DD1-68A5-4FF8-BD8D-B705EE40D898}.Release|Any CPU.Build.0 = Release|Any CPU
		{E152A297-DE91-4731-AB0A-627892C8147B}.Debug|Any CPU.ActiveCfg = Debug|Any CPU
		{E152A297-DE91-4731-AB0A-627892C8147B}.Debug|Any CPU.Build.0 = Debug|Any CPU
		{E152A297-DE91-4731-AB0A-627892C8147B}.Release|Any CPU.ActiveCfg = Release|Any CPU
		{E152A297-DE91-4731-AB0A-627892C8147B}.Release|Any CPU.Build.0 = Release|Any CPU
		{A7B13F75-0151-4505-85C5-3C4EFDAFD7DB}.Debug|Any CPU.ActiveCfg = Debug|Any CPU
		{A7B13F75-0151-4505-85C5-3C4EFDAFD7DB}.Debug|Any CPU.Build.0 = Debug|Any CPU
		{A7B13F75-0151-4505-85C5-3C4EFDAFD7DB}.Release|Any CPU.ActiveCfg = Release|Any CPU
		{A7B13F75-0151-4505-85C5-3C4EFDAFD7DB}.Release|Any CPU.Build.0 = Release|Any CPU
	EndGlobalSection
	GlobalSection(NestedProjects) = preSolution
		{9A504E5C-8E3D-4506-B44D-FD34028FFAF9} = {2A250908-DF9F-4B37-825F-ED631485C282}
		{54651132-5A21-40E7-90B0-BD8977E258C7} = {8369D0B2-6D71-4E93-A90E-FDA68389FA2B}
		{2A1273DD-7B4F-4768-A4F1-8A70DF345A8F} = {B0A03C28-4C66-457F-A24D-8B08E7CF6C9B}
		{CC615DD1-68A5-4FF8-BD8D-B705EE40D898} = {1EA6DD40-A7E4-43D2-B9E9-C096B987C792}
		{E152A297-DE91-4731-AB0A-627892C8147B} = {1C51A0B7-7E0B-4FF0-9F28-A6951AC0AF94}
		{A7B13F75-0151-4505-85C5-3C4EFDAFD7DB} = {B0A03C28-4C66-457F-A24D-8B08E7CF6C9B}
	EndGlobalSection
EndGlobal
